
Microsoft Visual Studio Solution File, Format Version 12.00
# Visual Studio Version 17
VisualStudioVersion = 17.5.33502.453
MinimumVisualStudioVersion = 10.0.40219.1
Project("{FAE04EC0-301F-11D3-BF4B-00C04F79EFBC}") = "Web_Driver_Experiment", "Web_Driver_Experiment\Web_Driver_Experiment.csproj", "{A93B1A4A-5B82-4161-86F8-FBD0EFD1DE11}"
EndProject
Global
	GlobalSection(SolutionConfigurationPlatforms) = preSolution
		Debug|Any CPU = Debug|Any CPU
		Release|Any CPU = Release|Any CPU
	EndGlobalSection
	GlobalSection(ProjectConfigurationPlatforms) = postSolution
		{A93B1A4A-5B82-4161-86F8-FBD0EFD1DE11}.Debug|Any CPU.ActiveCfg = Debug|Any CPU
		{A93B1A4A-5B82-4161-86F8-FBD0EFD1DE11}.Debug|Any CPU.Build.0 = Debug|Any CPU
		{A93B1A4A-5B82-4161-86F8-FBD0EFD1DE11}.Release|Any CPU.ActiveCfg = Release|Any CPU
		{A93B1A4A-5B82-4161-86F8-FBD0EFD1DE11}.Release|Any CPU.Build.0 = Release|Any CPU
	EndGlobalSection
	GlobalSection(SolutionProperties) = preSolution
		HideSolutionNode = FALSE
	EndGlobalSection
	GlobalSection(ExtensibilityGlobals) = postSolution
		SolutionGuid = {C31398AE-6AE6-4351-886E-E72877971F13}
	EndGlobalSection
EndGlobal
